<?xml version="1.0" encoding="utf-8"?>
<Project ToolsVersion="4.0" xmlns="http://schemas.microsoft.com/developer/msbuild/2003">
  <ItemGroup>
    <ClInclude Include="GameEngineWindow.h" />
    <ClInclude Include="GameEngineWindowTexture.h" />
    <ClInclude Include="GameEngineInput.h" />
    <ClInclude Include="GameEngineSound.h" />
    <ClInclude Include="PreCompile.h">
      <Filter>PreCompile</Filter>
    </ClInclude>
  </ItemGroup>
  <ItemGroup>
    <ClCompile Include="GameEngineWindow.cpp" />
    <ClCompile Include="GameEngineWindowTexture.cpp" />
    <ClCompile Include="GameEngineInput.cpp" />
    <ClCompile Include="GameEngineSound.cpp" />
    <ClCompile Include="PreCompile.cpp">
      <Filter>PreCompile</Filter>
    </ClCompile>
  </ItemGroup>
  <ItemGroup>
    <Filter Include="PreCompile">
      <UniqueIdentifier>{ad59ffef-d4c7-4915-ba5a-f84b99a3a51a}</UniqueIdentifier>
    </Filter>
    <Filter Include="FMOD">
      <UniqueIdentifier>{a06ad09e-049e-4a3d-b4be-64cc83c314f1}</UniqueIdentifier>
    </Filter>
    <Filter Include="FMOD\Debug">
      <UniqueIdentifier>{b92c6a3f-3c89-4289-a957-a568a1a071a9}</UniqueIdentifier>
    </Filter>
    <Filter Include="FMOD\Release">
      <UniqueIdentifier>{bf1ae5b7-0c4c-488d-9398-3e35110c0a7c}</UniqueIdentifier>
    </Filter>
  </ItemGroup>
  <ItemGroup>
    <Library Include="ThirdParty\FMOD\lib\x64\fmodL_vc.lib">
      <Filter>FMOD\Debug</Filter>
    </Library>
    <Library Include="ThirdParty\FMOD\lib\x64\fmod_vc.lib">
      <Filter>FMOD\Release</Filter>
    </Library>
  </ItemGroup>
  <ItemGroup>
    <CopyFileToFolders Include="ThirdParty\FMOD\lib\x64\fmodL.dll">
      <Filter>FMOD\Debug</Filter>
    </CopyFileToFolders>
    <CopyFileToFolders Include="ThirdParty\FMOD\lib\x64\fmod.dll">
      <Filter>FMOD\Release</Filter>
    </CopyFileToFolders>
  </ItemGroup>
</Project>