<?xml version="1.0" encoding="utf-8"?>
<Project ToolsVersion="4.0" xmlns="http://schemas.microsoft.com/developer/msbuild/2003">
  <ItemGroup>
    <ClCompile Include="GameEngineCore.cpp" />
    <ClCompile Include="PreCompile.cpp">
      <Filter>PreCompile</Filter>
    </ClCompile>
    <ClCompile Include="GameEngineActor.cpp">
      <Filter>Object</Filter>
    </ClCompile>
    <ClCompile Include="GameEngineComponent.cpp">
      <Filter>Object</Filter>
    </ClCompile>
    <ClCompile Include="GameEngineLevel.cpp">
      <Filter>Object</Filter>
    </ClCompile>
    <ClCompile Include="GameEngineObject.cpp">
      <Filter>Object</Filter>
    </ClCompile>
    <ClCompile Include="GameEngineTransform.cpp">
      <Filter>Object\Transform</Filter>
    </ClCompile>
    <ClCompile Include="GameEngineDevice.cpp">
      <Filter>Device</Filter>
    </ClCompile>
    <ClCompile Include="GameEngineTexture.cpp">
      <Filter>Resources\Texture</Filter>
    </ClCompile>
    <ClCompile Include="GameEngineResources.cpp">
      <Filter>Resources</Filter>
    </ClCompile>
    <ClCompile Include="GameEngineRenderTarget.cpp">
      <Filter>Resources\Texture</Filter>
    </ClCompile>
    <ClCompile Include="GameEngineConstantBuffer.cpp">
      <Filter>Resources\Buffer</Filter>
    </ClCompile>
    <ClCompile Include="GameEngineIndexBuffer.cpp">
      <Filter>Resources\Buffer</Filter>
    </ClCompile>
    <ClCompile Include="GameEngineVertexBuffer.cpp">
      <Filter>Resources\Buffer</Filter>
    </ClCompile>
    <ClCompile Include="GameEngineSprite.cpp">
      <Filter>Resources\Texture</Filter>
    </ClCompile>
    <ClCompile Include="GameEngineSampler.cpp">
      <Filter>Resources\Texture</Filter>
    </ClCompile>
    <ClCompile Include="GameEngineShader.cpp">
      <Filter>Resources\Shader</Filter>
    </ClCompile>
    <ClCompile Include="GameEngineVertexShader.cpp">
      <Filter>Resources\Shader</Filter>
    </ClCompile>
    <ClCompile Include="GameEnginePixelShader.cpp">
      <Filter>Resources\Shader</Filter>
    </ClCompile>
    <ClCompile Include="GameEngineRasterizer.cpp">
      <Filter>Resources\RenderingSetting</Filter>
    </ClCompile>
    <ClCompile Include="GameEngineCamera.cpp">
      <Filter>Rendering</Filter>
    </ClCompile>
    <ClCompile Include="GameEngineRenderer.cpp">
      <Filter>Rendering</Filter>
    </ClCompile>
    <ClCompile Include="GameEngineInputLayOut.cpp">
      <Filter>Vertex</Filter>
    </ClCompile>
    <ClCompile Include="GameEngineVertex.cpp">
      <Filter>Vertex</Filter>
    </ClCompile>
    <ClCompile Include="GameEngineDevice_Resources.cpp">
      <Filter>Device</Filter>
    </ClCompile>
    <ClCompile Include="GameEngineCoreObject.cpp">
      <Filter>Object</Filter>
    </ClCompile>
    <ClCompile Include="GameEngineDirectBuffer.cpp">
      <Filter>Resources\Buffer</Filter>
    </ClCompile>
    <ClCompile Include="GameEngineCollisionGroup.cpp">
      <Filter>Collision</Filter>
    </ClCompile>
    <ClCompile Include="GameEngineCollision.cpp">
      <Filter>Collision</Filter>
    </ClCompile>
    <ClCompile Include="GameEngineTileMap.cpp">
      <Filter>Rendering\Contents</Filter>
    </ClCompile>
    <ClCompile Include="GameEngineBlend.cpp">
      <Filter>Resources\RenderingSetting</Filter>
    </ClCompile>
    <ClCompile Include="GameEngineMesh.cpp">
      <Filter>Resources\Mesh</Filter>
    </ClCompile>
    <ClCompile Include="GameEngineMaterial.cpp">
      <Filter>Resources\Material</Filter>
    </ClCompile>
    <ClCompile Include="GameEngineShaderResHelper.cpp">
      <Filter>Resources\Shader</Filter>
    </ClCompile>
    <ClCompile Include="GameEngineDebugCore.cpp">
      <Filter>Debug</Filter>
    </ClCompile>
    <ClCompile Include="GameEngineSpriteRenderer.cpp">
      <Filter>Rendering\Contents</Filter>
    </ClCompile>
    <ClCompile Include="GameEngineRenderUnit.cpp">
      <Filter>Rendering</Filter>
    </ClCompile>
    <ClCompile Include="GameEngineUIRenderer.cpp">
      <Filter>Rendering\Contents</Filter>
    </ClCompile>
    <ClCompile Include="GameEngineGeometryShader.cpp">
      <Filter>Resources\Shader</Filter>
    </ClCompile>
    <ClCompile Include="GameEngineDepthStencil.cpp">
      <Filter>Resources\RenderingSetting</Filter>
    </ClCompile>
    <ClCompile Include="imgui_impl_dx11.cpp">
      <Filter>GUI</Filter>
    </ClCompile>
    <ClCompile Include="imgui_impl_win32.cpp">
      <Filter>GUI</Filter>
    </ClCompile>
    <ClCompile Include="imgui_tables.cpp">
      <Filter>GUI</Filter>
    </ClCompile>
    <ClCompile Include="imgui_widgets.cpp">
      <Filter>GUI</Filter>
    </ClCompile>
    <ClCompile Include="imgui.cpp">
      <Filter>GUI</Filter>
    </ClCompile>
    <ClCompile Include="imgui_draw.cpp">
      <Filter>GUI</Filter>
    </ClCompile>
    <ClCompile Include="GameEngineGUI.cpp">
      <Filter>GUI</Filter>
    </ClCompile>
    <ClCompile Include="AStartPathFinder.cpp">
      <Filter>PathFind</Filter>
    </ClCompile>
    <ClCompile Include="FadePostEffect.cpp">
      <Filter>Rendering\PostEffect</Filter>
    </ClCompile>
    <ClCompile Include="GameEngineFont.cpp">
      <Filter>Rendering\Font</Filter>
    </ClCompile>
  </ItemGroup>
  <ItemGroup>
    <ClInclude Include="GameEngineCore.h" />
    <ClInclude Include="PreCompile.h">
      <Filter>PreCompile</Filter>
    </ClInclude>
    <ClInclude Include="GameEngineActor.h">
      <Filter>Object</Filter>
    </ClInclude>
    <ClInclude Include="GameEngineComponent.h">
      <Filter>Object</Filter>
    </ClInclude>
    <ClInclude Include="GameEngineLevel.h">
      <Filter>Object</Filter>
    </ClInclude>
    <ClInclude Include="GameEngineObject.h">
      <Filter>Object</Filter>
    </ClInclude>
    <ClInclude Include="GameEngineTransform.h">
      <Filter>Object\Transform</Filter>
    </ClInclude>
    <ClInclude Include="GameEngineDevice.h">
      <Filter>Device</Filter>
    </ClInclude>
    <ClInclude Include="GameEngineTexture.h">
      <Filter>Resources\Texture</Filter>
    </ClInclude>
    <ClInclude Include="GameEngineResources.h">
      <Filter>Resources</Filter>
    </ClInclude>
    <ClInclude Include="GameEngineRenderTarget.h">
      <Filter>Resources\Texture</Filter>
    </ClInclude>
    <ClInclude Include="ThirdParty\DirectXTex\inc\DirectXTex.h">
      <Filter>ThirdParty\inc</Filter>
    </ClInclude>
    <ClInclude Include="GameEngineConstantBuffer.h">
      <Filter>Resources\Buffer</Filter>
    </ClInclude>
    <ClInclude Include="GameEngineDirectBuffer.h">
      <Filter>Resources\Buffer</Filter>
    </ClInclude>
    <ClInclude Include="GameEngineIndexBuffer.h">
      <Filter>Resources\Buffer</Filter>
    </ClInclude>
    <ClInclude Include="GameEngineVertexBuffer.h">
      <Filter>Resources\Buffer</Filter>
    </ClInclude>
    <ClInclude Include="GameEngineSampler.h">
      <Filter>Resources\Texture</Filter>
    </ClInclude>
    <ClInclude Include="GameEngineSprite.h">
      <Filter>Resources\Texture</Filter>
    </ClInclude>
    <ClInclude Include="GameEngineShader.h">
      <Filter>Resources\Shader</Filter>
    </ClInclude>
    <ClInclude Include="GameEngineVertexShader.h">
      <Filter>Resources\Shader</Filter>
    </ClInclude>
    <ClInclude Include="GameEnginePixelShader.h">
      <Filter>Resources\Shader</Filter>
    </ClInclude>
    <ClInclude Include="GameEngineRasterizer.h">
      <Filter>Resources\RenderingSetting</Filter>
    </ClInclude>
    <ClInclude Include="GameEngineCamera.h">
      <Filter>Rendering</Filter>
    </ClInclude>
    <ClInclude Include="GameEngineRenderer.h">
      <Filter>Rendering</Filter>
    </ClInclude>
    <ClInclude Include="GameEngineInputLayOut.h">
      <Filter>Vertex</Filter>
    </ClInclude>
    <ClInclude Include="GameEngineVertex.h">
      <Filter>Vertex</Filter>
    </ClInclude>
    <ClInclude Include="GameEngineCoreObject.h">
      <Filter>Object</Filter>
    </ClInclude>
    <ClInclude Include="GameEngineCollisionGroup.h">
      <Filter>Collision</Filter>
    </ClInclude>
    <ClInclude Include="GameEngineCollision.h">
      <Filter>Collision</Filter>
    </ClInclude>
    <ClInclude Include="GameEngineTileMap.h">
      <Filter>Rendering\Contents</Filter>
    </ClInclude>
    <ClInclude Include="GameEngineBlend.h">
      <Filter>Resources\RenderingSetting</Filter>
    </ClInclude>
    <ClInclude Include="GameEngineMesh.h">
      <Filter>Resources\Mesh</Filter>
    </ClInclude>
    <ClInclude Include="GameEngineMaterial.h">
      <Filter>Resources\Material</Filter>
    </ClInclude>
    <ClInclude Include="GameEngineShaderResHelper.h">
      <Filter>Resources\Shader</Filter>
    </ClInclude>
    <ClInclude Include="GameEngineDebugCore.h">
      <Filter>Debug</Filter>
    </ClInclude>
    <ClInclude Include="EngineEnum.h">
      <Filter>Global</Filter>
    </ClInclude>
    <ClInclude Include="GameEngineSpriteRenderer.h">
      <Filter>Rendering\Contents</Filter>
    </ClInclude>
    <ClInclude Include="GameEngineRenderUnit.h">
      <Filter>Rendering</Filter>
    </ClInclude>
    <ClInclude Include="GameEngineUIRenderer.h">
      <Filter>Rendering\Contents</Filter>
    </ClInclude>
    <ClInclude Include="GameEngineGeometryShader.h">
      <Filter>Resources\Shader</Filter>
    </ClInclude>
    <ClInclude Include="GameEngineDepthStencil.h">
      <Filter>Resources\RenderingSetting</Filter>
    </ClInclude>
    <ClInclude Include="imgui_impl_dx11.h">
      <Filter>GUI</Filter>
    </ClInclude>
    <ClInclude Include="imgui_impl_win32.h">
      <Filter>GUI</Filter>
    </ClInclude>
    <ClInclude Include="imgui_internal.h">
      <Filter>GUI</Filter>
    </ClInclude>
    <ClInclude Include="imgui.h">
      <Filter>GUI</Filter>
    </ClInclude>
    <ClInclude Include="imconfig.h">
      <Filter>GUI</Filter>
    </ClInclude>
    <ClInclude Include="GameEngineGUI.h">
      <Filter>GUI</Filter>
    </ClInclude>
    <ClInclude Include="imstb_rectpack.h">
      <Filter>GUI</Filter>
    </ClInclude>
    <ClInclude Include="imstb_textedit.h">
      <Filter>GUI</Filter>
    </ClInclude>
    <ClInclude Include="imstb_truetype.h">
      <Filter>GUI</Filter>
    </ClInclude>
    <ClInclude Include="AStartPathFinder.h">
      <Filter>PathFind</Filter>
    </ClInclude>
    <ClInclude Include="FadePostEffect.h">
      <Filter>Rendering\PostEffect</Filter>
    </ClInclude>
    <ClInclude Include="GameEngineFont.h">
      <Filter>Rendering\Font</Filter>
    </ClInclude>
    <ClInclude Include="ThirdParty\FW1FontWrapper\inc\FW1FontWrapper.h">
      <Filter>ThirdParty\inc</Filter>
    </ClInclude>
  </ItemGroup>
  <ItemGroup>
    <Filter Include="PreCompile">
      <UniqueIdentifier>{f563c1bc-9a39-41f2-9878-87ef3ca45709}</UniqueIdentifier>
    </Filter>
    <Filter Include="Object">
      <UniqueIdentifier>{6b86ba0e-364d-458f-bad6-9a2610ebf3e5}</UniqueIdentifier>
    </Filter>
    <Filter Include="Object\Transform">
      <UniqueIdentifier>{162b19dd-14a1-41f5-ba42-76f7cea40365}</UniqueIdentifier>
    </Filter>
    <Filter Include="Device">
      <UniqueIdentifier>{50c3965a-6f12-435d-942c-415f26bb2041}</UniqueIdentifier>
    </Filter>
    <Filter Include="Resources">
      <UniqueIdentifier>{c43f535e-83cf-41a6-85d0-1a9e3754f783}</UniqueIdentifier>
    </Filter>
    <Filter Include="Resources\Texture">
      <UniqueIdentifier>{4b71f953-f09e-4635-b2b5-0e9fa65c6b7e}</UniqueIdentifier>
    </Filter>
    <Filter Include="ThirdParty">
      <UniqueIdentifier>{d3fd15fa-1a2c-433b-9464-ad50b46f6fdd}</UniqueIdentifier>
    </Filter>
    <Filter Include="ThirdParty\inc">
      <UniqueIdentifier>{a9cb3205-f62d-4e05-aca7-41bf8f4b2d86}</UniqueIdentifier>
    </Filter>
    <Filter Include="ThirdParty\Debug">
      <UniqueIdentifier>{0c559691-e5f5-42a2-be64-fc48e837759f}</UniqueIdentifier>
    </Filter>
    <Filter Include="ThirdParty\Release">
      <UniqueIdentifier>{03da1c3e-cd8f-49f8-b52a-f0c62aa70d84}</UniqueIdentifier>
    </Filter>
    <Filter Include="Resources\Buffer">
      <UniqueIdentifier>{0af6eff6-a902-4f54-a9a1-03a3013561a4}</UniqueIdentifier>
    </Filter>
    <Filter Include="Resources\RenderingSetting">
      <UniqueIdentifier>{1646e8a2-ab50-434e-8dd6-9f16c820c88b}</UniqueIdentifier>
    </Filter>
    <Filter Include="Resources\Shader">
      <UniqueIdentifier>{4afc3150-c42b-4973-912e-8bf05608f0fa}</UniqueIdentifier>
    </Filter>
    <Filter Include="Vertex">
      <UniqueIdentifier>{cfeb5675-92dd-4fc0-8c09-4c59ce5d7c1a}</UniqueIdentifier>
    </Filter>
    <Filter Include="Rendering">
      <UniqueIdentifier>{b2a0091b-5b0e-43c6-ad3f-ade0b92a3c38}</UniqueIdentifier>
    </Filter>
    <Filter Include="Collision">
      <UniqueIdentifier>{338e68df-eb6e-4c8c-a0d2-a9a09bc5cb6a}</UniqueIdentifier>
    </Filter>
    <Filter Include="Rendering\Contents">
      <UniqueIdentifier>{6b475861-bdb5-494c-834b-82f06aac73fb}</UniqueIdentifier>
    </Filter>
    <Filter Include="Resources\Material">
      <UniqueIdentifier>{ba44e4d9-3c91-44c3-bd04-58392db7808f}</UniqueIdentifier>
    </Filter>
    <Filter Include="Resources\Mesh">
      <UniqueIdentifier>{618349c8-d504-4349-acc8-11a9c669c98e}</UniqueIdentifier>
    </Filter>
    <Filter Include="Debug">
      <UniqueIdentifier>{4d011309-cfdc-4cd2-9a2b-2863417e45b1}</UniqueIdentifier>
    </Filter>
    <Filter Include="Global">
      <UniqueIdentifier>{686ff4e6-cefb-481a-89c8-296d16afd87a}</UniqueIdentifier>
    </Filter>
    <Filter Include="GUI">
      <UniqueIdentifier>{431c02ef-98ae-47c2-925b-62ec908c8966}</UniqueIdentifier>
    </Filter>
    <Filter Include="PathFind">
      <UniqueIdentifier>{dc2b785a-ed6c-4c0f-b89a-8eb79195b18d}</UniqueIdentifier>
    </Filter>
    <Filter Include="Rendering\PostEffect">
      <UniqueIdentifier>{63ba9b10-1902-4f24-aca2-dd104bc04241}</UniqueIdentifier>
    </Filter>
    <Filter Include="Rendering\Font">
      <UniqueIdentifier>{e468f4a5-9007-4c96-833b-a94457b783ab}</UniqueIdentifier>
    </Filter>
  </ItemGroup>
  <ItemGroup>
    <None Include="ThirdParty\DirectXTex\inc\DirectXTex.inl">
      <Filter>ThirdParty\inc</Filter>
    </None>
  </ItemGroup>
  <ItemGroup>
    <Library Include="ThirdParty\DirectXTex\lib\Debug\DirectXTex.lib">
      <Filter>ThirdParty\Debug</Filter>
    </Library>
    <Library Include="ThirdParty\DirectXTex\lib\Release\DirectXTex.lib">
      <Filter>ThirdParty\Release</Filter>
    </Library>
    <Library Include="ThirdParty\DirectXTex\lib\Release\DirectXTex.pdb">
      <Filter>ThirdParty\Release</Filter>
    </Library>
    <Library Include="ThirdParty\DirectXTex\lib\Debug\DirectXTex.pdb">
      <Filter>ThirdParty\Debug</Filter>
    </Library>
    <Library Include="ThirdParty\FW1FontWrapper\lib\Debug\FW1FontWrapper.lib">
      <Filter>ThirdParty\Debug</Filter>
    </Library>
    <Library Include="ThirdParty\FW1FontWrapper\lib\Release\FW1FontWrapper.lib">
      <Filter>ThirdParty\Release</Filter>
    </Library>
  </ItemGroup>
  <ItemGroup>
    <CopyFileToFolders Include="ThirdParty\FW1FontWrapper\lib\Debug\FW1FontWrapper.dll">
      <Filter>ThirdParty\Debug</Filter>
    </CopyFileToFolders>
    <CopyFileToFolders Include="ThirdParty\FW1FontWrapper\lib\Release\FW1FontWrapper.dll">
      <Filter>ThirdParty\Release</Filter>
    </CopyFileToFolders>
  </ItemGroup>
</Project>