
Microsoft Visual Studio Solution File, Format Version 12.00
# Visual Studio Version 17
VisualStudioVersion = 17.5.33424.131
MinimumVisualStudioVersion = 10.0.40219.1
Project("{8BC9CEB8-8B4A-11D0-8D11-00A0C91BC942}") = "App", "App\App.vcxproj", "{D384400D-9121-4AD2-9A1E-E58A3D30CCC1}"
	ProjectSection(ProjectDependencies) = postProject
		{1E886842-CCA5-4C18-91DA-9A5A3ACE4C6E} = {1E886842-CCA5-4C18-91DA-9A5A3ACE4C6E}
		{43E95582-82FC-46C5-A7CA-7D887CD0432B} = {43E95582-82FC-46C5-A7CA-7D887CD0432B}
		{7EAB03A5-DB75-4EBE-A86C-6A1A9638D81F} = {7EAB03A5-DB75-4EBE-A86C-6A1A9638D81F}
		{A4198B71-D72C-4C1A-9FA2-6A2A1290C0E7} = {A4198B71-D72C-4C1A-9FA2-6A2A1290C0E7}
	EndProjectSection
EndProject
Project("{8BC9CEB8-8B4A-11D0-8D11-00A0C91BC942}") = "GameEngineBase", "GameEngineBase\GameEngineBase.vcxproj", "{43E95582-82FC-46C5-A7CA-7D887CD0432B}"
EndProject
Project("{8BC9CEB8-8B4A-11D0-8D11-00A0C91BC942}") = "GameEnginePlatform", "GameEnginePlatform\GameEnginePlatform.vcxproj", "{A4198B71-D72C-4C1A-9FA2-6A2A1290C0E7}"
	ProjectSection(ProjectDependencies) = postProject
		{43E95582-82FC-46C5-A7CA-7D887CD0432B} = {43E95582-82FC-46C5-A7CA-7D887CD0432B}
	EndProjectSection
EndProject
Project("{2150E333-8FDC-42A3-9474-1A3956D46DE8}") = "Level0", "Level0", "{50EDD208-2327-42BC-BE6D-74BB68A04F67}"
EndProject
Project("{2150E333-8FDC-42A3-9474-1A3956D46DE8}") = "Level1", "Level1", "{8938CB69-5EB0-4AF0-B7F1-21BEB799A34F}"
EndProject
Project("{2150E333-8FDC-42A3-9474-1A3956D46DE8}") = "Level9", "Level9", "{811C4205-B40A-4E55-BD45-D43EF4C4F2FB}"
EndProject
Project("{2150E333-8FDC-42A3-9474-1A3956D46DE8}") = "Level2", "Level2", "{92667E23-8E3E-4B94-92EF-C4F6A1F23442}"
EndProject
Project("{2150E333-8FDC-42A3-9474-1A3956D46DE8}") = "Level3", "Level3", "{D03C9D24-C2DF-4116-B196-EF7848716AE8}"
EndProject
Project("{8BC9CEB8-8B4A-11D0-8D11-00A0C91BC942}") = "GameEngineCore", "GameEngineCore\GameEngineCore.vcxproj", "{7EAB03A5-DB75-4EBE-A86C-6A1A9638D81F}"
	ProjectSection(ProjectDependencies) = postProject
		{43E95582-82FC-46C5-A7CA-7D887CD0432B} = {43E95582-82FC-46C5-A7CA-7D887CD0432B}
		{A4198B71-D72C-4C1A-9FA2-6A2A1290C0E7} = {A4198B71-D72C-4C1A-9FA2-6A2A1290C0E7}
	EndProjectSection
EndProject
Project("{8BC9CEB8-8B4A-11D0-8D11-00A0C91BC942}") = "GameEngineContents", "GameEngineContents\GameEngineContents.vcxproj", "{1E886842-CCA5-4C18-91DA-9A5A3ACE4C6E}"
	ProjectSection(ProjectDependencies) = postProject
		{43E95582-82FC-46C5-A7CA-7D887CD0432B} = {43E95582-82FC-46C5-A7CA-7D887CD0432B}
		{7EAB03A5-DB75-4EBE-A86C-6A1A9638D81F} = {7EAB03A5-DB75-4EBE-A86C-6A1A9638D81F}
		{A4198B71-D72C-4C1A-9FA2-6A2A1290C0E7} = {A4198B71-D72C-4C1A-9FA2-6A2A1290C0E7}
	EndProjectSection
EndProject
Project("{8BC9CEB8-8B4A-11D0-8D11-00A0C91BC942}") = "GameEngineCoreShader", "GameEngineCoreShader\GameEngineCoreShader.vcxproj", "{8BBE3DEF-AE52-4567-BAB8-6ACCBF970F3F}"
EndProject
Global
	GlobalSection(SolutionConfigurationPlatforms) = preSolution
		Debug|x64 = Debug|x64
		Debug|x86 = Debug|x86
		Release|x64 = Release|x64
		Release|x86 = Release|x86
	EndGlobalSection
	GlobalSection(ProjectConfigurationPlatforms) = postSolution
		{D384400D-9121-4AD2-9A1E-E58A3D30CCC1}.Debug|x64.ActiveCfg = Debug|x64
		{D384400D-9121-4AD2-9A1E-E58A3D30CCC1}.Debug|x64.Build.0 = Debug|x64
		{D384400D-9121-4AD2-9A1E-E58A3D30CCC1}.Debug|x86.ActiveCfg = Debug|Win32
		{D384400D-9121-4AD2-9A1E-E58A3D30CCC1}.Debug|x86.Build.0 = Debug|Win32
		{D384400D-9121-4AD2-9A1E-E58A3D30CCC1}.Release|x64.ActiveCfg = Release|x64
		{D384400D-9121-4AD2-9A1E-E58A3D30CCC1}.Release|x64.Build.0 = Release|x64
		{D384400D-9121-4AD2-9A1E-E58A3D30CCC1}.Release|x86.ActiveCfg = Release|Win32
		{D384400D-9121-4AD2-9A1E-E58A3D30CCC1}.Release|x86.Build.0 = Release|Win32
		{43E95582-82FC-46C5-A7CA-7D887CD0432B}.Debug|x64.ActiveCfg = Debug|x64
		{43E95582-82FC-46C5-A7CA-7D887CD0432B}.Debug|x64.Build.0 = Debug|x64
		{43E95582-82FC-46C5-A7CA-7D887CD0432B}.Debug|x86.ActiveCfg = Debug|Win32
		{43E95582-82FC-46C5-A7CA-7D887CD0432B}.Debug|x86.Build.0 = Debug|Win32
		{43E95582-82FC-46C5-A7CA-7D887CD0432B}.Release|x64.ActiveCfg = Release|x64
		{43E95582-82FC-46C5-A7CA-7D887CD0432B}.Release|x64.Build.0 = Release|x64
		{43E95582-82FC-46C5-A7CA-7D887CD0432B}.Release|x86.ActiveCfg = Release|Win32
		{43E95582-82FC-46C5-A7CA-7D887CD0432B}.Release|x86.Build.0 = Release|Win32
		{A4198B71-D72C-4C1A-9FA2-6A2A1290C0E7}.Debug|x64.ActiveCfg = Debug|x64
		{A4198B71-D72C-4C1A-9FA2-6A2A1290C0E7}.Debug|x64.Build.0 = Debug|x64
		{A4198B71-D72C-4C1A-9FA2-6A2A1290C0E7}.Debug|x86.ActiveCfg = Debug|Win32
		{A4198B71-D72C-4C1A-9FA2-6A2A1290C0E7}.Debug|x86.Build.0 = Debug|Win32
		{A4198B71-D72C-4C1A-9FA2-6A2A1290C0E7}.Release|x64.ActiveCfg = Release|x64
		{A4198B71-D72C-4C1A-9FA2-6A2A1290C0E7}.Release|x64.Build.0 = Release|x64
		{A4198B71-D72C-4C1A-9FA2-6A2A1290C0E7}.Release|x86.ActiveCfg = Release|Win32
		{A4198B71-D72C-4C1A-9FA2-6A2A1290C0E7}.Release|x86.Build.0 = Release|Win32
		{7EAB03A5-DB75-4EBE-A86C-6A1A9638D81F}.Debug|x64.ActiveCfg = Debug|x64
		{7EAB03A5-DB75-4EBE-A86C-6A1A9638D81F}.Debug|x64.Build.0 = Debug|x64
		{7EAB03A5-DB75-4EBE-A86C-6A1A9638D81F}.Debug|x86.ActiveCfg = Debug|Win32
		{7EAB03A5-DB75-4EBE-A86C-6A1A9638D81F}.Debug|x86.Build.0 = Debug|Win32
		{7EAB03A5-DB75-4EBE-A86C-6A1A9638D81F}.Release|x64.ActiveCfg = Release|x64
		{7EAB03A5-DB75-4EBE-A86C-6A1A9638D81F}.Release|x64.Build.0 = Release|x64
		{7EAB03A5-DB75-4EBE-A86C-6A1A9638D81F}.Release|x86.ActiveCfg = Release|Win32
		{7EAB03A5-DB75-4EBE-A86C-6A1A9638D81F}.Release|x86.Build.0 = Release|Win32
		{1E886842-CCA5-4C18-91DA-9A5A3ACE4C6E}.Debug|x64.ActiveCfg = Debug|x64
		{1E886842-CCA5-4C18-91DA-9A5A3ACE4C6E}.Debug|x64.Build.0 = Debug|x64
		{1E886842-CCA5-4C18-91DA-9A5A3ACE4C6E}.Debug|x86.ActiveCfg = Debug|Win32
		{1E886842-CCA5-4C18-91DA-9A5A3ACE4C6E}.Debug|x86.Build.0 = Debug|Win32
		{1E886842-CCA5-4C18-91DA-9A5A3ACE4C6E}.Release|x64.ActiveCfg = Release|x64
		{1E886842-CCA5-4C18-91DA-9A5A3ACE4C6E}.Release|x64.Build.0 = Release|x64
		{1E886842-CCA5-4C18-91DA-9A5A3ACE4C6E}.Release|x86.ActiveCfg = Release|Win32
		{1E886842-CCA5-4C18-91DA-9A5A3ACE4C6E}.Release|x86.Build.0 = Release|Win32
		{8BBE3DEF-AE52-4567-BAB8-6ACCBF970F3F}.Debug|x64.ActiveCfg = Debug|x64
		{8BBE3DEF-AE52-4567-BAB8-6ACCBF970F3F}.Debug|x64.Build.0 = Debug|x64
		{8BBE3DEF-AE52-4567-BAB8-6ACCBF970F3F}.Debug|x86.ActiveCfg = Debug|Win32
		{8BBE3DEF-AE52-4567-BAB8-6ACCBF970F3F}.Debug|x86.Build.0 = Debug|Win32
		{8BBE3DEF-AE52-4567-BAB8-6ACCBF970F3F}.Release|x64.ActiveCfg = Release|x64
		{8BBE3DEF-AE52-4567-BAB8-6ACCBF970F3F}.Release|x64.Build.0 = Release|x64
		{8BBE3DEF-AE52-4567-BAB8-6ACCBF970F3F}.Release|x86.ActiveCfg = Release|Win32
		{8BBE3DEF-AE52-4567-BAB8-6ACCBF970F3F}.Release|x86.Build.0 = Release|Win32
	EndGlobalSection
	GlobalSection(SolutionProperties) = preSolution
		HideSolutionNode = FALSE
	EndGlobalSection
	GlobalSection(NestedProjects) = preSolution
		{D384400D-9121-4AD2-9A1E-E58A3D30CCC1} = {811C4205-B40A-4E55-BD45-D43EF4C4F2FB}
		{43E95582-82FC-46C5-A7CA-7D887CD0432B} = {50EDD208-2327-42BC-BE6D-74BB68A04F67}
		{A4198B71-D72C-4C1A-9FA2-6A2A1290C0E7} = {8938CB69-5EB0-4AF0-B7F1-21BEB799A34F}
		{7EAB03A5-DB75-4EBE-A86C-6A1A9638D81F} = {92667E23-8E3E-4B94-92EF-C4F6A1F23442}
		{1E886842-CCA5-4C18-91DA-9A5A3ACE4C6E} = {D03C9D24-C2DF-4116-B196-EF7848716AE8}
		{8BBE3DEF-AE52-4567-BAB8-6ACCBF970F3F} = {92667E23-8E3E-4B94-92EF-C4F6A1F23442}
	EndGlobalSection
	GlobalSection(ExtensibilityGlobals) = postSolution
		SolutionGuid = {AAFAB861-0EEB-405A-824E-4FEBD9BF9FED}
	EndGlobalSection
EndGlobal
